
Microsoft Visual Studio Solution File, Format Version 10.00
# Visual Studio 2008
Project("{8BC9CEB8-8B4A-11D0-8D11-00A0C91BC942}") = "KeypadLedControl", "KeypadLedControl\KeypadLedControl.vcproj", "{C1961258-98CE-457E-BF8D-F748FF34863E}"
EndProject
Project("{B900F1C2-3D47-4FEC-85B3-04AAF18C3634}") = "KeypadLedControlSetup", "KeypadLedControlSetup\KeypadLedControlSetup.vddproj", "{C790A726-1827-47D3-BF22-07B4ECA01DC4}"
EndProject
Project("{8BC9CEB8-8B4A-11D0-8D11-00A0C91BC942}") = "KeypadLedControlSetupActions", "KeypadLedControlSetupActions\KeypadLedControlSetupActions.vcproj", "{F703C1DD-930D-45AD-B899-0982B70C0270}"
EndProject
Global
	GlobalSection(SolutionConfigurationPlatforms) = preSolution
		Debug|Windows Mobile 6 Professional SDK (ARMV4I) = Debug|Windows Mobile 6 Professional SDK (ARMV4I)
		Release|Windows Mobile 6 Professional SDK (ARMV4I) = Release|Windows Mobile 6 Professional SDK (ARMV4I)
	EndGlobalSection
	GlobalSection(ProjectConfigurationPlatforms) = postSolution
		{C1961258-98CE-457E-BF8D-F748FF34863E}.Debug|Windows Mobile 6 Professional SDK (ARMV4I).ActiveCfg = Debug|Windows Mobile 6 Professional SDK (ARMV4I)
		{C1961258-98CE-457E-BF8D-F748FF34863E}.Debug|Windows Mobile 6 Professional SDK (ARMV4I).Build.0 = Debug|Windows Mobile 6 Professional SDK (ARMV4I)
		{C1961258-98CE-457E-BF8D-F748FF34863E}.Debug|Windows Mobile 6 Professional SDK (ARMV4I).Deploy.0 = Debug|Windows Mobile 6 Professional SDK (ARMV4I)
		{C1961258-98CE-457E-BF8D-F748FF34863E}.Release|Windows Mobile 6 Professional SDK (ARMV4I).ActiveCfg = Release|Windows Mobile 6 Professional SDK (ARMV4I)
		{C1961258-98CE-457E-BF8D-F748FF34863E}.Release|Windows Mobile 6 Professional SDK (ARMV4I).Build.0 = Release|Windows Mobile 6 Professional SDK (ARMV4I)
		{C1961258-98CE-457E-BF8D-F748FF34863E}.Release|Windows Mobile 6 Professional SDK (ARMV4I).Deploy.0 = Release|Windows Mobile 6 Professional SDK (ARMV4I)
		{C790A726-1827-47D3-BF22-07B4ECA01DC4}.Debug|Windows Mobile 6 Professional SDK (ARMV4I).ActiveCfg = Debug
		{C790A726-1827-47D3-BF22-07B4ECA01DC4}.Release|Windows Mobile 6 Professional SDK (ARMV4I).ActiveCfg = Release
		{F703C1DD-930D-45AD-B899-0982B70C0270}.Debug|Windows Mobile 6 Professional SDK (ARMV4I).ActiveCfg = Debug|Windows Mobile 6 Professional SDK (ARMV4I)
		{F703C1DD-930D-45AD-B899-0982B70C0270}.Debug|Windows Mobile 6 Professional SDK (ARMV4I).Build.0 = Debug|Windows Mobile 6 Professional SDK (ARMV4I)
		{F703C1DD-930D-45AD-B899-0982B70C0270}.Debug|Windows Mobile 6 Professional SDK (ARMV4I).Deploy.0 = Debug|Windows Mobile 6 Professional SDK (ARMV4I)
		{F703C1DD-930D-45AD-B899-0982B70C0270}.Release|Windows Mobile 6 Professional SDK (ARMV4I).ActiveCfg = Release|Windows Mobile 6 Professional SDK (ARMV4I)
		{F703C1DD-930D-45AD-B899-0982B70C0270}.Release|Windows Mobile 6 Professional SDK (ARMV4I).Build.0 = Release|Windows Mobile 6 Professional SDK (ARMV4I)
		{F703C1DD-930D-45AD-B899-0982B70C0270}.Release|Windows Mobile 6 Professional SDK (ARMV4I).Deploy.0 = Release|Windows Mobile 6 Professional SDK (ARMV4I)
	EndGlobalSection
	GlobalSection(SolutionProperties) = preSolution
		HideSolutionNode = FALSE
	EndGlobalSection
EndGlobal
